<?xml version="1.0" encoding="utf-8"?>
<Project ToolsVersion="4.0" xmlns="http://schemas.microsoft.com/developer/msbuild/2003">
  <ItemGroup>
    <Filter Include="소스 파일">
      <UniqueIdentifier>{4FC737F1-C7A5-4376-A066-2A32D752A2FF}</UniqueIdentifier>
      <Extensions>cpp;c;cc;cxx;c++;cppm;ixx;def;odl;idl;hpj;bat;asm;asmx</Extensions>
    </Filter>
    <Filter Include="헤더 파일">
      <UniqueIdentifier>{93995380-89BD-4b04-88EB-625FBE52EBFB}</UniqueIdentifier>
      <Extensions>h;hh;hpp;hxx;h++;hm;inl;inc;ipp;xsd</Extensions>
    </Filter>
    <Filter Include="리소스 파일">
      <UniqueIdentifier>{67DA6AB6-F800-4c08-8B7A-83BB121AAD01}</UniqueIdentifier>
      <Extensions>rc;ico;cur;bmp;dlg;rc2;rct;bin;rgs;gif;jpg;jpeg;jpe;resx;tiff;tif;png;wav;mfcribbon-ms</Extensions>
    </Filter>
    <Filter Include="소스 파일\Builder Pattern">
      <UniqueIdentifier>{b0bd8b99-7fc6-4ca6-92ed-a9c2d5570bbb}</UniqueIdentifier>
    </Filter>
    <Filter Include="소스 파일\Factory Pattern">
      <UniqueIdentifier>{eaa57030-6bcf-4d22-bacf-c8b94c293450}</UniqueIdentifier>
    </Filter>
    <Filter Include="소스 파일\Factory Pattern\Drink">
      <UniqueIdentifier>{8f82d3be-08c8-4175-82d7-264f730cd943}</UniqueIdentifier>
    </Filter>
    <Filter Include="소스 파일\Factory Pattern\Abstract Factory">
      <UniqueIdentifier>{5c939749-360e-4390-98c2-3e5e08b79238}</UniqueIdentifier>
    </Filter>
    <Filter Include="소스 파일\Factory Pattern\Function Factory">
      <UniqueIdentifier>{cb486738-ee23-4e1a-b0a2-ce7d3219272c}</UniqueIdentifier>
    </Filter>
    <Filter Include="소스 파일\Prototype Pattern">
      <UniqueIdentifier>{e20e066e-3b99-464b-adb5-3106fc032252}</UniqueIdentifier>
    </Filter>
    <Filter Include="소스 파일\Prototype Pattern\CopyConstructor">
      <UniqueIdentifier>{4057c67d-d434-43e5-88c2-a5fbeb9e693e}</UniqueIdentifier>
    </Filter>
    <Filter Include="소스 파일\Prototype Pattern\SimpleCopy">
      <UniqueIdentifier>{a4c3d2b7-c311-4e8d-95c7-a28961cf03af}</UniqueIdentifier>
    </Filter>
    <Filter Include="소스 파일\Prototype Pattern\Serialization">
      <UniqueIdentifier>{72a74a44-c495-46a0-8217-6f3222320f27}</UniqueIdentifier>
    </Filter>
    <Filter Include="소스 파일\Prototype Pattern\PrototypeFactory">
      <UniqueIdentifier>{9e1b254c-fc0f-4374-aa0a-ec35bd73c055}</UniqueIdentifier>
    </Filter>
  </ItemGroup>
  <ItemGroup>
    <ClCompile Include="main.cpp">
      <Filter>소스 파일</Filter>
    </ClCompile>
    <ClCompile Include="Builder Pattern\SimpleBuilder.cpp">
      <Filter>소스 파일\Builder Pattern</Filter>
    </ClCompile>
    <ClCompile Include="Builder Pattern\FluentBuilder.cpp">
      <Filter>소스 파일\Builder Pattern</Filter>
    </ClCompile>
    <ClCompile Include="Builder Pattern\HtmlElement.cpp">
      <Filter>소스 파일\Builder Pattern</Filter>
    </ClCompile>
    <ClCompile Include="Builder Pattern\BuilderPattern.cpp">
      <Filter>소스 파일\Builder Pattern</Filter>
    </ClCompile>
    <ClCompile Include="Factory Pattern\FactoryMethod.cpp">
      <Filter>소스 파일\Factory Pattern</Filter>
    </ClCompile>
    <ClCompile Include="Factory Pattern\FactoryClass.cpp">
      <Filter>소스 파일\Factory Pattern</Filter>
    </ClCompile>
    <ClCompile Include="Factory Pattern\Coffee.cpp">
      <Filter>소스 파일\Factory Pattern\Drink</Filter>
    </ClCompile>
    <ClCompile Include="Factory Pattern\Tea.cpp">
      <Filter>소스 파일\Factory Pattern\Drink</Filter>
    </ClCompile>
    <ClCompile Include="Factory Pattern\CoffeeFactory.cpp">
      <Filter>소스 파일\Factory Pattern\Drink</Filter>
    </ClCompile>
    <ClCompile Include="Factory Pattern\TeaFactory.cpp">
      <Filter>소스 파일\Factory Pattern\Drink</Filter>
    </ClCompile>
    <ClCompile Include="Factory Pattern\DrinkWithVolumeFactory.cpp">
      <Filter>소스 파일\Factory Pattern\Function Factory</Filter>
    </ClCompile>
    <ClCompile Include="Factory Pattern\DrinkFactory.cpp">
      <Filter>소스 파일\Factory Pattern\Abstract Factory</Filter>
    </ClCompile>
    <ClCompile Include="Prototype Pattern\CopyConstructor\CopyConstructor.cpp">
      <Filter>소스 파일\Prototype Pattern\CopyConstructor</Filter>
    </ClCompile>
    <ClCompile Include="Prototype Pattern\SimpleCopy\SimpleCopy.cpp">
      <Filter>소스 파일\Prototype Pattern\SimpleCopy</Filter>
    </ClCompile>
    <ClCompile Include="Prototype Pattern\Serialization\Serialzation.cpp">
      <Filter>소스 파일\Prototype Pattern\Serialization</Filter>
    </ClCompile>
    <ClCompile Include="Prototype Pattern\PrototypeFactory\PrototypeFactory.cpp">
      <Filter>소스 파일\Prototype Pattern\PrototypeFactory</Filter>
    </ClCompile>
  </ItemGroup>
  <ItemGroup>
    <ClInclude Include="Builder Pattern\SimpleBuilder.h">
      <Filter>소스 파일\Builder Pattern</Filter>
    </ClInclude>
    <ClInclude Include="Builder Pattern\FluentBuilder.h">
      <Filter>소스 파일\Builder Pattern</Filter>
    </ClInclude>
    <ClInclude Include="Builder Pattern\HtmlElement.h">
      <Filter>소스 파일\Builder Pattern</Filter>
    </ClInclude>
    <ClInclude Include="Builder Pattern\BuilderPattern.h">
      <Filter>소스 파일\Builder Pattern</Filter>
    </ClInclude>
    <ClInclude Include="Factory Pattern\FactoryMethod.h">
      <Filter>소스 파일\Factory Pattern</Filter>
    </ClInclude>
    <ClInclude Include="Factory Pattern\FactoryClass.h">
      <Filter>소스 파일\Factory Pattern</Filter>
    </ClInclude>
    <ClInclude Include="Factory Pattern\Coffee.h">
      <Filter>소스 파일\Factory Pattern\Drink</Filter>
    </ClInclude>
    <ClInclude Include="Factory Pattern\HotDrink.h">
      <Filter>소스 파일\Factory Pattern\Drink</Filter>
    </ClInclude>
    <ClInclude Include="Factory Pattern\Tea.h">
      <Filter>소스 파일\Factory Pattern\Drink</Filter>
    </ClInclude>
    <ClInclude Include="Factory Pattern\HotDrinkFactory.h">
      <Filter>소스 파일\Factory Pattern\Drink</Filter>
    </ClInclude>
    <ClInclude Include="Factory Pattern\CoffeeFactory.h">
      <Filter>소스 파일\Factory Pattern\Drink</Filter>
    </ClInclude>
    <ClInclude Include="Factory Pattern\TeaFactory.h">
      <Filter>소스 파일\Factory Pattern\Drink</Filter>
    </ClInclude>
    <ClInclude Include="Factory Pattern\DrinkWithVolumeFactory.h">
      <Filter>소스 파일\Factory Pattern\Function Factory</Filter>
    </ClInclude>
    <ClInclude Include="Factory Pattern\DrinkFactory.h">
      <Filter>소스 파일\Factory Pattern\Abstract Factory</Filter>
    </ClInclude>
    <ClInclude Include="StudyUtility.h">
      <Filter>소스 파일</Filter>
    </ClInclude>
    <ClInclude Include="Prototype Pattern\CopyConstructor\CopyConstructor.h">
      <Filter>소스 파일\Prototype Pattern\CopyConstructor</Filter>
    </ClInclude>
    <ClInclude Include="Prototype Pattern\SimpleCopy\SimpleCopy.h">
      <Filter>소스 파일\Prototype Pattern\SimpleCopy</Filter>
    </ClInclude>
    <ClInclude Include="Prototype Pattern\Serialization\Serialzation.h">
      <Filter>소스 파일\Prototype Pattern\Serialization</Filter>
    </ClInclude>
    <ClInclude Include="Prototype Pattern\PrototypeFactory\PrototypeFactory.h">
      <Filter>소스 파일\Prototype Pattern\PrototypeFactory</Filter>
    </ClInclude>
  </ItemGroup>
</Project>